
Microsoft Visual Studio Solution File, Format Version 12.00
Project("{FAE04EC0-301F-11D3-BF4B-00C04F79EFBC}") = "MV64e.GRZ", "MV64e.GRZ\MV64e.GRZ.csproj", "{A5DFDE44-7D5C-4D32-ABC0-4A2A19815C06}"
EndProject
Project("{FAE04EC0-301F-11D3-BF4B-00C04F79EFBC}") = "MV64e.GRZ.Test", "MV64e.GRZ.Test\MV64e.GRZ.Test.csproj", "{FA2EF223-84A4-4742-994F-20A39A817654}"
EndProject
Global
	GlobalSection(SolutionConfigurationPlatforms) = preSolution
		Debug|Any CPU = Debug|Any CPU
		Release|Any CPU = Release|Any CPU
	EndGlobalSection
	GlobalSection(ProjectConfigurationPlatforms) = postSolution
		{A5DFDE44-7D5C-4D32-ABC0-4A2A19815C06}.Debug|Any CPU.ActiveCfg = Debug|Any CPU
		{A5DFDE44-7D5C-4D32-ABC0-4A2A19815C06}.Debug|Any CPU.Build.0 = Debug|Any CPU
		{A5DFDE44-7D5C-4D32-ABC0-4A2A19815C06}.Release|Any CPU.ActiveCfg = Release|Any CPU
		{A5DFDE44-7D5C-4D32-ABC0-4A2A19815C06}.Release|Any CPU.Build.0 = Release|Any CPU
		{FA2EF223-84A4-4742-994F-20A39A817654}.Debug|Any CPU.ActiveCfg = Debug|Any CPU
		{FA2EF223-84A4-4742-994F-20A39A817654}.Debug|Any CPU.Build.0 = Debug|Any CPU
		{FA2EF223-84A4-4742-994F-20A39A817654}.Release|Any CPU.ActiveCfg = Release|Any CPU
		{FA2EF223-84A4-4742-994F-20A39A817654}.Release|Any CPU.Build.0 = Release|Any CPU
	EndGlobalSection
EndGlobal
